{
	"name": "@gauzy/egress-audit-inputs",
	"lockfileVersion": 3,
	"requires": true,
	"packages": {
		"": {
			"name": "@gauzy/egress-audit-inputs",
			"devDependencies": {
				"@ever-co/connect-tools": "1.0.0-rc.5",
				"typescript": "5.9.3"
			}
		},
		"node_modules/@ever-co/connect-tools": {
			"version": "1.0.0-rc.5",
			"resolved": "https://registry.npmjs.org/@ever-co/connect-tools/-/connect-tools-1.0.0-rc.5.tgz",
			"integrity": "sha512-eaP1JBDEaD9ao4ILLk7l2Sn5saO8LmVUNYbGSOLQodRNHrk88YGqMeLgwteQCpls1L1PQIwjnbLIrsu/zWTesg==",
			"dev": true,
			"license": "Apache-2.0",
			"dependencies": {
				"ajv": "8.20.0",
				"ajv-formats": "3.0.1",
				"playwright-core": "1.62.1",
				"yaml": "2.9.1"
			},
			"bin": {
				"ever-egress-audit": "dist/egress-audit/run.mjs",
				"ever-mock-platform": "dist/mock-platform/bin/ever-mock-platform.mjs"
			},
			"engines": {
				"node": ">=20"
			},
			"peerDependencies": {
				"typescript": ">=5.0.0"
			},
			"peerDependenciesMeta": {
				"typescript": {
					"optional": true
				}
			}
		},
		"node_modules/ajv": {
			"version": "8.20.0",
			"resolved": "https://registry.npmjs.org/ajv/-/ajv-8.20.0.tgz",
			"integrity": "sha512-Thbli+OlOj+iMPYFBVBfJ3OmCAnaSyNn4M1vz9T6Gka5Jt9ba/HIR56joy65tY6kx/FCF5VXNB819Y7/GUrBGA==",
			"dev": true,
			"license": "MIT",
			"dependencies": {
				"fast-deep-equal": "^3.1.3",
				"fast-uri": "^3.0.1",
				"json-schema-traverse": "^1.0.0",
				"require-from-string": "^2.0.2"
			},
			"funding": {
				"type": "github",
				"url": "https://github.com/sponsors/epoberezkin"
			}
		},
		"node_modules/ajv-formats": {
			"version": "3.0.1",
			"resolved": "https://registry.npmjs.org/ajv-formats/-/ajv-formats-3.0.1.tgz",
			"integrity": "sha512-8iUql50EUR+uUcdRQ3HDqa6EVyo3docL8g5WJ3FNcWmu62IbkGUue/pEyLBW8VGKKucTPgqeks4fIU1DA4yowQ==",
			"dev": true,
			"license": "MIT",
			"dependencies": {
				"ajv": "^8.0.0"
			},
			"peerDependencies": {
				"ajv": "^8.0.0"
			},
			"peerDependenciesMeta": {
				"ajv": {
					"optional": true
				}
			}
		},
		"node_modules/fast-deep-equal": {
			"version": "3.1.3",
			"resolved": "https://registry.npmjs.org/fast-deep-equal/-/fast-deep-equal-3.1.3.tgz",
			"integrity": "sha512-f3qQ9oQy9j2AhBe/H9VC91wLmKBCCU/gDOnKNAYG5hswO7BLKj09Hc5HYNz9cGI++xlpDCIgDaitVs03ATR84Q==",
			"dev": true,
			"license": "MIT"
		},
		"node_modules/fast-uri": {
			"version": "3.1.8",
			"resolved": "https://registry.npmjs.org/fast-uri/-/fast-uri-3.1.8.tgz",
			"integrity": "sha512-GZMtZUTNRpOVIECoXwLNZS5xUGE+mVNbTB8h/7Rwh2TFWcBQiPzTgyZi05BF9UMZKkLJv8XBRJTlU7zg8+ZfMg==",
			"dev": true,
			"funding": [
				{
					"type": "github",
					"url": "https://github.com/sponsors/fastify"
				},
				{
					"type": "opencollective",
					"url": "https://opencollective.com/fastify"
				}
			],
			"license": "BSD-3-Clause"
		},
		"node_modules/json-schema-traverse": {
			"version": "1.0.0",
			"resolved": "https://registry.npmjs.org/json-schema-traverse/-/json-schema-traverse-1.0.0.tgz",
			"integrity": "sha512-NM8/P9n3XjXhIZn1lLhkFaACTOURQXjWhV4BA/RnOv8xvgqtqpAX9IO4mRQxSx1Rlo4tqzeqb0sOlruaOy3dug==",
			"dev": true,
			"license": "MIT"
		},
		"node_modules/playwright-core": {
			"version": "1.62.1",
			"resolved": "https://registry.npmjs.org/playwright-core/-/playwright-core-1.62.1.tgz",
			"integrity": "sha512-wPYSwEBJY9GHraISXqyqtx0na0LpO3XEX7jNDhntbex7tzUS7kLnZsOlFruFJB4Hi/rhDMjXGqHewDZ68nYZVw==",
			"dev": true,
			"license": "Apache-2.0",
			"bin": {
				"playwright-core": "cli.js"
			},
			"engines": {
				"node": ">=20"
			}
		},
		"node_modules/require-from-string": {
			"version": "2.0.2",
			"resolved": "https://registry.npmjs.org/require-from-string/-/require-from-string-2.0.2.tgz",
			"integrity": "sha512-Xf0nWe6RseziFMu+Ap9biiUbmplq6S9/p+7w7YXP/JBHhrUDDUhwa+vANyubuqfZWTveU//DYVGsDG7RKL/vEw==",
			"dev": true,
			"license": "MIT",
			"engines": {
				"node": ">=0.10.0"
			}
		},
		"node_modules/typescript": {
			"version": "5.9.3",
			"resolved": "https://registry.npmjs.org/typescript/-/typescript-5.9.3.tgz",
			"integrity": "sha512-jl1vZzPDinLr9eUt3J/t7V6FgNEw9QjvBPdysz9KfQDD41fQrC2Y4vKQdiaUpFT4bXlb1RHhLpp8wtm6M5TgSw==",
			"dev": true,
			"license": "Apache-2.0",
			"bin": {
				"tsc": "bin/tsc",
				"tsserver": "bin/tsserver"
			},
			"engines": {
				"node": ">=14.17"
			}
		},
		"node_modules/yaml": {
			"version": "2.9.1",
			"resolved": "https://registry.npmjs.org/yaml/-/yaml-2.9.1.tgz",
			"integrity": "sha512-3NxN8+78OdzbT7C/WjGsyfPAtJaN3FNDsWxv7Y7mcDsT/oOmgW8BpyQQFFBnvZE3j9Y2Sdz1ULFLezL7Eb2yFw==",
			"dev": true,
			"license": "ISC",
			"bin": {
				"yaml": "bin.mjs"
			},
			"engines": {
				"node": ">= 14.6"
			},
			"funding": {
				"url": "https://github.com/sponsors/eemeli"
			}
		}
	}
}
